
Microsoft Visual Studio Solution File, Format Version 12.00
# Visual Studio Version 17
VisualStudioVersion = 17.0.31612.314
MinimumVisualStudioVersion = 16.0.0.0
Project("{9A19103F-16F7-4668-BE54-9A1E7A4F7556}") = "WarWolfWorksxS", "WarWolfWorksxS\WarWolfWorksxS.csproj", "{1DD75387-46AF-451F-B945-CC2AAD441D40}"
EndProject
Global
	GlobalSection(SolutionConfigurationPlatforms) = preSolution
		Debug|Any CPU = Debug|Any CPU
		Release|Any CPU = Release|Any CPU
	EndGlobalSection
	GlobalSection(ProjectConfigurationPlatforms) = postSolution
		{1DD75387-46AF-451F-B945-CC2AAD441D40}.Debug|Any CPU.ActiveCfg = Debug|Any CPU
		{1DD75387-46AF-451F-B945-CC2AAD441D40}.Debug|Any CPU.Build.0 = Debug|Any CPU
		{1DD75387-46AF-451F-B945-CC2AAD441D40}.Release|Any CPU.ActiveCfg = Release|Any CPU
		{1DD75387-46AF-451F-B945-CC2AAD441D40}.Release|Any CPU.Build.0 = Release|Any CPU
	EndGlobalSection
	GlobalSection(SolutionProperties) = preSolution
		HideSolutionNode = FALSE
	EndGlobalSection
	GlobalSection(ExtensibilityGlobals) = postSolution
		SolutionGuid = {6CDA62C7-C570-4738-8C6A-64F6CFFBAD87}
	EndGlobalSection
EndGlobal
